
Microsoft Visual Studio Solution File, Format Version 12.00
# Visual Studio 15
VisualStudioVersion = 15.0.28010.2041
MinimumVisualStudioVersion = 10.0.40219.1
Project("{F184B08F-C81C-45F6-A57F-5ABD9991F28F}") = "ManejoDeString", "ManejoDeString\ManejoDeString.vbproj", "{287E183D-27EA-49FD-BF0D-69FDB264AFC1}"
EndProject
Global
	GlobalSection(SolutionConfigurationPlatforms) = preSolution
		Debug|Any CPU = Debug|Any CPU
		Release|Any CPU = Release|Any CPU
	EndGlobalSection
	GlobalSection(ProjectConfigurationPlatforms) = postSolution
		{287E183D-27EA-49FD-BF0D-69FDB264AFC1}.Debug|Any CPU.ActiveCfg = Debug|Any CPU
		{287E183D-27EA-49FD-BF0D-69FDB264AFC1}.Debug|Any CPU.Build.0 = Debug|Any CPU
		{287E183D-27EA-49FD-BF0D-69FDB264AFC1}.Release|Any CPU.ActiveCfg = Release|Any CPU
		{287E183D-27EA-49FD-BF0D-69FDB264AFC1}.Release|Any CPU.Build.0 = Release|Any CPU
	EndGlobalSection
	GlobalSection(SolutionProperties) = preSolution
		HideSolutionNode = FALSE
	EndGlobalSection
	GlobalSection(ExtensibilityGlobals) = postSolution
		SolutionGuid = {83DA79BC-01CD-41BD-9CEE-5FAB5041268B}
	EndGlobalSection
EndGlobal
