
Microsoft Visual Studio Solution File, Format Version 12.00
# Visual Studio 15
VisualStudioVersion = 15.0.28010.2041
MinimumVisualStudioVersion = 10.0.40219.1
Project("{F184B08F-C81C-45F6-A57F-5ABD9991F28F}") = "GraficoMysql", "GraficoMysql\GraficoMysql.vbproj", "{199E4DC8-787D-4681-A642-4BEA697D4466}"
EndProject
Global
	GlobalSection(SolutionConfigurationPlatforms) = preSolution
		Debug|Any CPU = Debug|Any CPU
		Release|Any CPU = Release|Any CPU
	EndGlobalSection
	GlobalSection(ProjectConfigurationPlatforms) = postSolution
		{199E4DC8-787D-4681-A642-4BEA697D4466}.Debug|Any CPU.ActiveCfg = Debug|Any CPU
		{199E4DC8-787D-4681-A642-4BEA697D4466}.Debug|Any CPU.Build.0 = Debug|Any CPU
		{199E4DC8-787D-4681-A642-4BEA697D4466}.Release|Any CPU.ActiveCfg = Release|Any CPU
		{199E4DC8-787D-4681-A642-4BEA697D4466}.Release|Any CPU.Build.0 = Release|Any CPU
	EndGlobalSection
	GlobalSection(SolutionProperties) = preSolution
		HideSolutionNode = FALSE
	EndGlobalSection
	GlobalSection(ExtensibilityGlobals) = postSolution
		SolutionGuid = {A68D6612-1FC1-4930-8930-0A8684EB9FC3}
	EndGlobalSection
EndGlobal
